
Microsoft Visual Studio Solution File, Format Version 12.00
# Visual Studio Version 17
VisualStudioVersion = 17.0.31903.59
MinimumVisualStudioVersion = 10.0.40219.1
Project("{2150E333-8FDC-42A3-9474-1A3956D46DE8}") = "BankingAccount", "BankingAccount", "{75DC343F-332E-40A7-8A79-70FC305FD8BC}"
EndProject
Project("{2150E333-8FDC-42A3-9474-1A3956D46DE8}") = "Microservices", "Microservices", "{ACA11422-357E-4420-ACAA-3E2A11E0FD29}"
EndProject
Project("{2150E333-8FDC-42A3-9474-1A3956D46DE8}") = "CQRS", "CQRS", "{A87E5901-2451-4E5E-BDAF-BD5AD104F411}"
EndProject
Project("{2150E333-8FDC-42A3-9474-1A3956D46DE8}") = "Command", "Command", "{9C2F9127-409C-49CF-8404-CE7973DBCB98}"
EndProject
Project("{2150E333-8FDC-42A3-9474-1A3956D46DE8}") = "Query", "Query", "{746312F6-6550-4001-A703-6EBDAD567DB3}"
EndProject
Project("{FAE04EC0-301F-11D3-BF4B-00C04F79EFBC}") = "Banking.Cqrs.Core", "Banking.Cqrs.Core\Banking.Cqrs.Core.csproj", "{A9CEC1D5-C9D4-4BE8-B4EB-9E2B25B7EDEA}"
EndProject
Project("{2150E333-8FDC-42A3-9474-1A3956D46DE8}") = "Api", "Api", "{929D5861-E379-4BC4-9A66-657A8CD4E4B8}"
EndProject
Project("{2150E333-8FDC-42A3-9474-1A3956D46DE8}") = "Application", "Application", "{23B062BF-80D5-4869-8F3E-D1E56DF8D38C}"
EndProject
Project("{2150E333-8FDC-42A3-9474-1A3956D46DE8}") = "Domain", "Domain", "{8167C606-9B87-4AA2-95F6-F18FE846A980}"
EndProject
Project("{2150E333-8FDC-42A3-9474-1A3956D46DE8}") = "Infrastructure", "Infrastructure", "{40B454F3-D19D-4E87-9567-4C8D951D7DA9}"
EndProject
Project("{FAE04EC0-301F-11D3-BF4B-00C04F79EFBC}") = "Banking.Account.Command.Domain", "Banking.Account.Command.Domain\Banking.Account.Command.Domain.csproj", "{51D940F4-5D95-4F10-B4A4-597042270909}"
EndProject
Global
	GlobalSection(SolutionConfigurationPlatforms) = preSolution
		Debug|Any CPU = Debug|Any CPU
		Release|Any CPU = Release|Any CPU
	EndGlobalSection
	GlobalSection(SolutionProperties) = preSolution
		HideSolutionNode = FALSE
	EndGlobalSection
	GlobalSection(ProjectConfigurationPlatforms) = postSolution
		{A9CEC1D5-C9D4-4BE8-B4EB-9E2B25B7EDEA}.Debug|Any CPU.ActiveCfg = Debug|Any CPU
		{A9CEC1D5-C9D4-4BE8-B4EB-9E2B25B7EDEA}.Debug|Any CPU.Build.0 = Debug|Any CPU
		{A9CEC1D5-C9D4-4BE8-B4EB-9E2B25B7EDEA}.Release|Any CPU.ActiveCfg = Release|Any CPU
		{A9CEC1D5-C9D4-4BE8-B4EB-9E2B25B7EDEA}.Release|Any CPU.Build.0 = Release|Any CPU
		{51D940F4-5D95-4F10-B4A4-597042270909}.Debug|Any CPU.ActiveCfg = Debug|Any CPU
		{51D940F4-5D95-4F10-B4A4-597042270909}.Debug|Any CPU.Build.0 = Debug|Any CPU
		{51D940F4-5D95-4F10-B4A4-597042270909}.Release|Any CPU.ActiveCfg = Release|Any CPU
		{51D940F4-5D95-4F10-B4A4-597042270909}.Release|Any CPU.Build.0 = Release|Any CPU
	EndGlobalSection
	GlobalSection(NestedProjects) = preSolution
		{ACA11422-357E-4420-ACAA-3E2A11E0FD29} = {75DC343F-332E-40A7-8A79-70FC305FD8BC}
		{9C2F9127-409C-49CF-8404-CE7973DBCB98} = {ACA11422-357E-4420-ACAA-3E2A11E0FD29}
		{746312F6-6550-4001-A703-6EBDAD567DB3} = {ACA11422-357E-4420-ACAA-3E2A11E0FD29}
		{A9CEC1D5-C9D4-4BE8-B4EB-9E2B25B7EDEA} = {A87E5901-2451-4E5E-BDAF-BD5AD104F411}
		{929D5861-E379-4BC4-9A66-657A8CD4E4B8} = {9C2F9127-409C-49CF-8404-CE7973DBCB98}
		{23B062BF-80D5-4869-8F3E-D1E56DF8D38C} = {9C2F9127-409C-49CF-8404-CE7973DBCB98}
		{8167C606-9B87-4AA2-95F6-F18FE846A980} = {9C2F9127-409C-49CF-8404-CE7973DBCB98}
		{40B454F3-D19D-4E87-9567-4C8D951D7DA9} = {9C2F9127-409C-49CF-8404-CE7973DBCB98}
		{51D940F4-5D95-4F10-B4A4-597042270909} = {8167C606-9B87-4AA2-95F6-F18FE846A980}
	EndGlobalSection
EndGlobal
